
Microsoft Visual Studio Solution File, Format Version 12.00
# Visual Studio 2012
Project("{2150E333-8FDC-42A3-9474-1A3956D46DE8}") = "01. Presentation", "01. Presentation", "{2D1FD1AA-948B-4EBD-82FD-1375E02970FB}"
EndProject
Project("{2150E333-8FDC-42A3-9474-1A3956D46DE8}") = "02. Services", "02. Services", "{B8C93D6A-8807-45C5-A7B2-C04C6AEB6E72}"
EndProject
Project("{2150E333-8FDC-42A3-9474-1A3956D46DE8}") = "03. Busines Object", "03. Busines Object", "{7575E6EA-7D15-4896-A33A-00F2D14898E9}"
EndProject
Project("{2150E333-8FDC-42A3-9474-1A3956D46DE8}") = "04. Common", "04. Common", "{800CC667-3751-4D28-B392-41C3B60B8DAE}"
EndProject
Project("{F184B08F-C81C-45F6-A57F-5ABD9991F28F}") = "K.OpenPos.Products", "K.OpenPos.Products\K.OpenPos.Products.vbproj", "{615FE3E5-0EA5-421B-B3DA-46F2BB5466A6}"
EndProject
Project("{F184B08F-C81C-45F6-A57F-5ABD9991F28F}") = "K.OpenPos.SalesOrders", "K.OpenPos.SalesOrders\K.OpenPos.SalesOrders.vbproj", "{3253BD2B-7344-425B-8C9E-1BF2F7E92281}"
EndProject
Project("{F184B08F-C81C-45F6-A57F-5ABD9991F28F}") = "K.OpenPos.Common", "K.OpenPos.Common\K.OpenPos.Common.vbproj", "{5281C618-6DDF-41FF-849D-54FE3B3DABA2}"
EndProject
Project("{F184B08F-C81C-45F6-A57F-5ABD9991F28F}") = "K.Common.R2", "K.Common\K.Common.R2.vbproj", "{D3909F66-EE67-40F6-BC48-166AB9794D6F}"
EndProject
Project("{F184B08F-C81C-45F6-A57F-5ABD9991F28F}") = "KOpenPos", "KOpenPos\KOpenPos.vbproj", "{040E432D-E8E2-4A03-A863-E0022B35AAF4}"
EndProject
Project("{2150E333-8FDC-42A3-9474-1A3956D46DE8}") = "05. Unit Test", "05. Unit Test", "{13DFD490-1C3D-4AE2-B1BC-540CD30B07A1}"
EndProject
Global
	GlobalSection(SolutionConfigurationPlatforms) = preSolution
		Debug|Any CPU = Debug|Any CPU
		Release|Any CPU = Release|Any CPU
	EndGlobalSection
	GlobalSection(ProjectConfigurationPlatforms) = postSolution
		{615FE3E5-0EA5-421B-B3DA-46F2BB5466A6}.Debug|Any CPU.ActiveCfg = Debug|Any CPU
		{615FE3E5-0EA5-421B-B3DA-46F2BB5466A6}.Debug|Any CPU.Build.0 = Debug|Any CPU
		{615FE3E5-0EA5-421B-B3DA-46F2BB5466A6}.Release|Any CPU.ActiveCfg = Release|Any CPU
		{615FE3E5-0EA5-421B-B3DA-46F2BB5466A6}.Release|Any CPU.Build.0 = Release|Any CPU
		{3253BD2B-7344-425B-8C9E-1BF2F7E92281}.Debug|Any CPU.ActiveCfg = Debug|Any CPU
		{3253BD2B-7344-425B-8C9E-1BF2F7E92281}.Debug|Any CPU.Build.0 = Debug|Any CPU
		{3253BD2B-7344-425B-8C9E-1BF2F7E92281}.Release|Any CPU.ActiveCfg = Release|Any CPU
		{3253BD2B-7344-425B-8C9E-1BF2F7E92281}.Release|Any CPU.Build.0 = Release|Any CPU
		{5281C618-6DDF-41FF-849D-54FE3B3DABA2}.Debug|Any CPU.ActiveCfg = Debug|Any CPU
		{5281C618-6DDF-41FF-849D-54FE3B3DABA2}.Debug|Any CPU.Build.0 = Debug|Any CPU
		{5281C618-6DDF-41FF-849D-54FE3B3DABA2}.Release|Any CPU.ActiveCfg = Release|Any CPU
		{5281C618-6DDF-41FF-849D-54FE3B3DABA2}.Release|Any CPU.Build.0 = Release|Any CPU
		{D3909F66-EE67-40F6-BC48-166AB9794D6F}.Debug|Any CPU.ActiveCfg = Debug|Any CPU
		{D3909F66-EE67-40F6-BC48-166AB9794D6F}.Debug|Any CPU.Build.0 = Debug|Any CPU
		{D3909F66-EE67-40F6-BC48-166AB9794D6F}.Release|Any CPU.ActiveCfg = Release|Any CPU
		{D3909F66-EE67-40F6-BC48-166AB9794D6F}.Release|Any CPU.Build.0 = Release|Any CPU
		{040E432D-E8E2-4A03-A863-E0022B35AAF4}.Debug|Any CPU.ActiveCfg = Debug|Any CPU
		{040E432D-E8E2-4A03-A863-E0022B35AAF4}.Debug|Any CPU.Build.0 = Debug|Any CPU
		{040E432D-E8E2-4A03-A863-E0022B35AAF4}.Release|Any CPU.ActiveCfg = Release|Any CPU
		{040E432D-E8E2-4A03-A863-E0022B35AAF4}.Release|Any CPU.Build.0 = Release|Any CPU
	EndGlobalSection
	GlobalSection(SolutionProperties) = preSolution
		HideSolutionNode = FALSE
	EndGlobalSection
	GlobalSection(NestedProjects) = preSolution
		{040E432D-E8E2-4A03-A863-E0022B35AAF4} = {2D1FD1AA-948B-4EBD-82FD-1375E02970FB}
		{615FE3E5-0EA5-421B-B3DA-46F2BB5466A6} = {7575E6EA-7D15-4896-A33A-00F2D14898E9}
		{3253BD2B-7344-425B-8C9E-1BF2F7E92281} = {7575E6EA-7D15-4896-A33A-00F2D14898E9}
		{5281C618-6DDF-41FF-849D-54FE3B3DABA2} = {7575E6EA-7D15-4896-A33A-00F2D14898E9}
		{D3909F66-EE67-40F6-BC48-166AB9794D6F} = {800CC667-3751-4D28-B392-41C3B60B8DAE}
	EndGlobalSection
EndGlobal
